// !$*UTF8*$!
{
	archiveVersion = 1;
	classes = {
	};
	objectVersion = 56;
	objects = {

/* Begin PBXBuildFile section */
		712A77E029EDEE6F0060A7A8 /* Kingfisher in Frameworks */ = {isa = PBXBuildFile; productRef = 712A77DF29EDEE6F0060A7A8 /* Kingfisher */; };
		71501D4129F1DC0C00B8CD25 /* HTMLExtension.swift in Sources */ = {isa = PBXBuildFile; fileRef = 71501D4029F1DC0C00B8CD25 /* HTMLExtension.swift */; };
		71501D4429F1DCA600B8CD25 /* TableViewCell.swift in Sources */ = {isa = PBXBuildFile; fileRef = 71501D4229F1DCA600B8CD25 /* TableViewCell.swift */; };
		71501D4529F1DCA600B8CD25 /* TableViewCell.xib in Resources */ = {isa = PBXBuildFile; fileRef = 71501D4329F1DCA600B8CD25 /* TableViewCell.xib */; };
		71501D4729F1F77000B8CD25 /* MainViewModel_test.swift in Sources */ = {isa = PBXBuildFile; fileRef = 71501D4629F1F77000B8CD25 /* MainViewModel_test.swift */; };
		71848C3729ECA0B500B8CC34 /* AdvertDetailModel.swift in Sources */ = {isa = PBXBuildFile; fileRef = 71848C3629ECA0B500B8CC34 /* AdvertDetailModel.swift */; };
		7189436829EB691A003AC589 /* Endpoint.swift in Sources */ = {isa = PBXBuildFile; fileRef = 7189436729EB691A003AC589 /* Endpoint.swift */; };
		7189436A29EB6922003AC589 /* HTTPClient.swift in Sources */ = {isa = PBXBuildFile; fileRef = 7189436929EB6922003AC589 /* HTTPClient.swift */; };
		7189436C29EB6932003AC589 /* HTTPMethod.swift in Sources */ = {isa = PBXBuildFile; fileRef = 7189436B29EB6932003AC589 /* HTTPMethod.swift */; };
		7189436E29EB6941003AC589 /* RequestError.swift in Sources */ = {isa = PBXBuildFile; fileRef = 7189436D29EB6941003AC589 /* RequestError.swift */; };
		7189437029EB6953003AC589 /* AdvertEndpoint.swift in Sources */ = {isa = PBXBuildFile; fileRef = 7189436F29EB6953003AC589 /* AdvertEndpoint.swift */; };
		7189437229EB695D003AC589 /* AdvertService.swift in Sources */ = {isa = PBXBuildFile; fileRef = 7189437129EB695D003AC589 /* AdvertService.swift */; };
		7189437429EB69A9003AC589 /* AdvertModel.swift in Sources */ = {isa = PBXBuildFile; fileRef = 7189437329EB69A9003AC589 /* AdvertModel.swift */; };
		719024B829F02297002A787A /* AdvertCell.swift in Sources */ = {isa = PBXBuildFile; fileRef = 719024B429F02297002A787A /* AdvertCell.swift */; };
		719024B929F02297002A787A /* AdvertCell.xib in Resources */ = {isa = PBXBuildFile; fileRef = 719024B529F02297002A787A /* AdvertCell.xib */; };
		719024BA29F02297002A787A /* AdvertViewModel.swift in Sources */ = {isa = PBXBuildFile; fileRef = 719024B629F02297002A787A /* AdvertViewModel.swift */; };
		719024BB29F02297002A787A /* AdvertViewController.swift in Sources */ = {isa = PBXBuildFile; fileRef = 719024B729F02297002A787A /* AdvertViewController.swift */; };
		719024C529F024CA002A787A /* AdvertDetailViewController.swift in Sources */ = {isa = PBXBuildFile; fileRef = 719024C429F024CA002A787A /* AdvertDetailViewController.swift */; };
		719024C729F024EB002A787A /* AdvertDetailViewModel.swift in Sources */ = {isa = PBXBuildFile; fileRef = 719024C629F024EB002A787A /* AdvertDetailViewModel.swift */; };
		71F0CAA629F093BB00861828 /* DetailViewController.storyboard in Resources */ = {isa = PBXBuildFile; fileRef = 71F0CAA529F093BB00861828 /* DetailViewController.storyboard */; };
		71F0CAAB29F0958900861828 /* BodyTableViewCell.swift in Sources */ = {isa = PBXBuildFile; fileRef = 71F0CAA929F0958900861828 /* BodyTableViewCell.swift */; };
		71F0CAAF29F0959900861828 /* HeaderTableViewCell.swift in Sources */ = {isa = PBXBuildFile; fileRef = 71F0CAAD29F0959900861828 /* HeaderTableViewCell.swift */; };
		71F0CAB229F095F400861828 /* HeaderTableViewCell.xib in Resources */ = {isa = PBXBuildFile; fileRef = 71F0CAB129F095F400861828 /* HeaderTableViewCell.xib */; };
		71F0CAB629F096C500861828 /* HeaderCollectionViewCell.swift in Sources */ = {isa = PBXBuildFile; fileRef = 71F0CAB429F096C500861828 /* HeaderCollectionViewCell.swift */; };
		71F0CAB729F096C500861828 /* HeaderCollectionViewCell.xib in Resources */ = {isa = PBXBuildFile; fileRef = 71F0CAB529F096C500861828 /* HeaderCollectionViewCell.xib */; };
		71F0CAB929F0976B00861828 /* BodyTableViewCell.xib in Resources */ = {isa = PBXBuildFile; fileRef = 71F0CAB829F0976B00861828 /* BodyTableViewCell.xib */; };
		71F8BD1329EB624000CCDF63 /* AppDelegate.swift in Sources */ = {isa = PBXBuildFile; fileRef = 71F8BD1229EB624000CCDF63 /* AppDelegate.swift */; };
		71F8BD1529EB624000CCDF63 /* SceneDelegate.swift in Sources */ = {isa = PBXBuildFile; fileRef = 71F8BD1429EB624000CCDF63 /* SceneDelegate.swift */; };
		71F8BD1A29EB624000CCDF63 /* Main.storyboard in Resources */ = {isa = PBXBuildFile; fileRef = 71F8BD1829EB624000CCDF63 /* Main.storyboard */; };
		71F8BD1D29EB624000CCDF63 /* ArabamCom.xcdatamodeld in Sources */ = {isa = PBXBuildFile; fileRef = 71F8BD1B29EB624000CCDF63 /* ArabamCom.xcdatamodeld */; };
		71F8BD1F29EB624100CCDF63 /* Assets.xcassets in Resources */ = {isa = PBXBuildFile; fileRef = 71F8BD1E29EB624100CCDF63 /* Assets.xcassets */; };
		71F8BD2229EB624100CCDF63 /* LaunchScreen.storyboard in Resources */ = {isa = PBXBuildFile; fileRef = 71F8BD2029EB624100CCDF63 /* LaunchScreen.storyboard */; };
		71F8BD2D29EB624100CCDF63 /* ArabamComTests.swift in Sources */ = {isa = PBXBuildFile; fileRef = 71F8BD2C29EB624100CCDF63 /* ArabamComTests.swift */; };
		71F8BD3729EB624100CCDF63 /* ArabamComUITests.swift in Sources */ = {isa = PBXBuildFile; fileRef = 71F8BD3629EB624100CCDF63 /* ArabamComUITests.swift */; };
		71F8BD3929EB624100CCDF63 /* ArabamComUITestsLaunchTests.swift in Sources */ = {isa = PBXBuildFile; fileRef = 71F8BD3829EB624100CCDF63 /* ArabamComUITestsLaunchTests.swift */; };
/* End PBXBuildFile section */

/* Begin PBXContainerItemProxy section */
		71F8BD2929EB624100CCDF63 /* PBXContainerItemProxy */ = {
			isa = PBXContainerItemProxy;
			containerPortal = 71F8BD0729EB624000CCDF63 /* Project object */;
			proxyType = 1;
			remoteGlobalIDString = 71F8BD0E29EB624000CCDF63;
			remoteInfo = ArabamCom;
		};
		71F8BD3329EB624100CCDF63 /* PBXContainerItemProxy */ = {
			isa = PBXContainerItemProxy;
			containerPortal = 71F8BD0729EB624000CCDF63 /* Project object */;
			proxyType = 1;
			remoteGlobalIDString = 71F8BD0E29EB624000CCDF63;
			remoteInfo = ArabamCom;
		};
/* End PBXContainerItemProxy section */

/* Begin PBXFileReference section */
		71501D4029F1DC0C00B8CD25 /* HTMLExtension.swift */ = {isa = PBXFileReference; lastKnownFileType = sourcecode.swift; path = HTMLExtension.swift; sourceTree = "<group>"; };
		71501D4229F1DCA600B8CD25 /* TableViewCell.swift */ = {isa = PBXFileReference; lastKnownFileType = sourcecode.swift; path = TableViewCell.swift; sourceTree = "<group>"; };
		71501D4329F1DCA600B8CD25 /* TableViewCell.xib */ = {isa = PBXFileReference; lastKnownFileType = file.xib; path = TableViewCell.xib; sourceTree = "<group>"; };
		71501D4629F1F77000B8CD25 /* MainViewModel_test.swift */ = {isa = PBXFileReference; lastKnownFileType = sourcecode.swift; path = MainViewModel_test.swift; sourceTree = "<group>"; };
		71848C3629ECA0B500B8CC34 /* AdvertDetailModel.swift */ = {isa = PBXFileReference; lastKnownFileType = sourcecode.swift; path = AdvertDetailModel.swift; sourceTree = "<group>"; };
		7189436729EB691A003AC589 /* Endpoint.swift */ = {isa = PBXFileReference; lastKnownFileType = sourcecode.swift; path = Endpoint.swift; sourceTree = "<group>"; };
		7189436929EB6922003AC589 /* HTTPClient.swift */ = {isa = PBXFileReference; lastKnownFileType = sourcecode.swift; path = HTTPClient.swift; sourceTree = "<group>"; };
		7189436B29EB6932003AC589 /* HTTPMethod.swift */ = {isa = PBXFileReference; lastKnownFileType = sourcecode.swift; path = HTTPMethod.swift; sourceTree = "<group>"; };
		7189436D29EB6941003AC589 /* RequestError.swift */ = {isa = PBXFileReference; lastKnownFileType = sourcecode.swift; path = RequestError.swift; sourceTree = "<group>"; };
		7189436F29EB6953003AC589 /* AdvertEndpoint.swift */ = {isa = PBXFileReference; lastKnownFileType = sourcecode.swift; path = AdvertEndpoint.swift; sourceTree = "<group>"; };
		7189437129EB695D003AC589 /* AdvertService.swift */ = {isa = PBXFileReference; lastKnownFileType = sourcecode.swift; path = AdvertService.swift; sourceTree = "<group>"; };
		7189437329EB69A9003AC589 /* AdvertModel.swift */ = {isa = PBXFileReference; lastKnownFileType = sourcecode.swift; path = AdvertModel.swift; sourceTree = "<group>"; };
		719024B429F02297002A787A /* AdvertCell.swift */ = {isa = PBXFileReference; fileEncoding = 4; lastKnownFileType = sourcecode.swift; path = AdvertCell.swift; sourceTree = "<group>"; };
		719024B529F02297002A787A /* AdvertCell.xib */ = {isa = PBXFileReference; fileEncoding = 4; lastKnownFileType = file.xib; path = AdvertCell.xib; sourceTree = "<group>"; };
		719024B629F02297002A787A /* AdvertViewModel.swift */ = {isa = PBXFileReference; fileEncoding = 4; lastKnownFileType = sourcecode.swift; path = AdvertViewModel.swift; sourceTree = "<group>"; };
		719024B729F02297002A787A /* AdvertViewController.swift */ = {isa = PBXFileReference; fileEncoding = 4; lastKnownFileType = sourcecode.swift; path = AdvertViewController.swift; sourceTree = "<group>"; };
		719024C429F024CA002A787A /* AdvertDetailViewController.swift */ = {isa = PBXFileReference; lastKnownFileType = sourcecode.swift; path = AdvertDetailViewController.swift; sourceTree = "<group>"; };
		719024C629F024EB002A787A /* AdvertDetailViewModel.swift */ = {isa = PBXFileReference; lastKnownFileType = sourcecode.swift; path = AdvertDetailViewModel.swift; sourceTree = "<group>"; };
		71F0CAA529F093BB00861828 /* DetailViewController.storyboard */ = {isa = PBXFileReference; lastKnownFileType = file.storyboard; path = DetailViewController.storyboard; sourceTree = "<group>"; };
		71F0CAA929F0958900861828 /* BodyTableViewCell.swift */ = {isa = PBXFileReference; lastKnownFileType = sourcecode.swift; path = BodyTableViewCell.swift; sourceTree = "<group>"; };
		71F0CAAD29F0959900861828 /* HeaderTableViewCell.swift */ = {isa = PBXFileReference; lastKnownFileType = sourcecode.swift; path = HeaderTableViewCell.swift; sourceTree = "<group>"; };
		71F0CAB129F095F400861828 /* HeaderTableViewCell.xib */ = {isa = PBXFileReference; fileEncoding = 4; lastKnownFileType = file.xib; path = HeaderTableViewCell.xib; sourceTree = "<group>"; };
		71F0CAB429F096C500861828 /* HeaderCollectionViewCell.swift */ = {isa = PBXFileReference; lastKnownFileType = sourcecode.swift; path = HeaderCollectionViewCell.swift; sourceTree = "<group>"; };
		71F0CAB529F096C500861828 /* HeaderCollectionViewCell.xib */ = {isa = PBXFileReference; lastKnownFileType = file.xib; path = HeaderCollectionViewCell.xib; sourceTree = "<group>"; };
		71F0CAB829F0976B00861828 /* BodyTableViewCell.xib */ = {isa = PBXFileReference; fileEncoding = 4; lastKnownFileType = file.xib; path = BodyTableViewCell.xib; sourceTree = "<group>"; };
		71F8BD0F29EB624000CCDF63 /* ArabamCom.app */ = {isa = PBXFileReference; explicitFileType = wrapper.application; includeInIndex = 0; path = ArabamCom.app; sourceTree = BUILT_PRODUCTS_DIR; };
		71F8BD1229EB624000CCDF63 /* AppDelegate.swift */ = {isa = PBXFileReference; lastKnownFileType = sourcecode.swift; path = AppDelegate.swift; sourceTree = "<group>"; };
		71F8BD1429EB624000CCDF63 /* SceneDelegate.swift */ = {isa = PBXFileReference; lastKnownFileType = sourcecode.swift; path = SceneDelegate.swift; sourceTree = "<group>"; };
		71F8BD1929EB624000CCDF63 /* Base */ = {isa = PBXFileReference; lastKnownFileType = file.storyboard; name = Base; path = Base.lproj/Main.storyboard; sourceTree = "<group>"; };
		71F8BD1C29EB624000CCDF63 /* ArabamCom.xcdatamodel */ = {isa = PBXFileReference; lastKnownFileType = wrapper.xcdatamodel; path = ArabamCom.xcdatamodel; sourceTree = "<group>"; };
		71F8BD1E29EB624100CCDF63 /* Assets.xcassets */ = {isa = PBXFileReference; lastKnownFileType = folder.assetcatalog; path = Assets.xcassets; sourceTree = "<group>"; };
		71F8BD2129EB624100CCDF63 /* Base */ = {isa = PBXFileReference; lastKnownFileType = file.storyboard; name = Base; path = Base.lproj/LaunchScreen.storyboard; sourceTree = "<group>"; };
		71F8BD2329EB624100CCDF63 /* Info.plist */ = {isa = PBXFileReference; lastKnownFileType = text.plist.xml; path = Info.plist; sourceTree = "<group>"; };
		71F8BD2829EB624100CCDF63 /* ArabamComTests.xctest */ = {isa = PBXFileReference; explicitFileType = wrapper.cfbundle; includeInIndex = 0; path = ArabamComTests.xctest; sourceTree = BUILT_PRODUCTS_DIR; };
		71F8BD2C29EB624100CCDF63 /* ArabamComTests.swift */ = {isa = PBXFileReference; lastKnownFileType = sourcecode.swift; path = ArabamComTests.swift; sourceTree = "<group>"; };
		71F8BD3229EB624100CCDF63 /* ArabamComUITests.xctest */ = {isa = PBXFileReference; explicitFileType = wrapper.cfbundle; includeInIndex = 0; path = ArabamComUITests.xctest; sourceTree = BUILT_PRODUCTS_DIR; };
		71F8BD3629EB624100CCDF63 /* ArabamComUITests.swift */ = {isa = PBXFileReference; lastKnownFileType = sourcecode.swift; path = ArabamComUITests.swift; sourceTree = "<group>"; };
		71F8BD3829EB624100CCDF63 /* ArabamComUITestsLaunchTests.swift */ = {isa = PBXFileReference; lastKnownFileType = sourcecode.swift; path = ArabamComUITestsLaunchTests.swift; sourceTree = "<group>"; };
/* End PBXFileReference section */

/* Begin PBXFrameworksBuildPhase section */
		71F8BD0C29EB624000CCDF63 /* Frameworks */ = {
			isa = PBXFrameworksBuildPhase;
			buildActionMask = 2147483647;
			files = (
				712A77E029EDEE6F0060A7A8 /* Kingfisher in Frameworks */,
			);
			runOnlyForDeploymentPostprocessing = 0;
		};
		71F8BD2529EB624100CCDF63 /* Frameworks */ = {
			isa = PBXFrameworksBuildPhase;
			buildActionMask = 2147483647;
			files = (
			);
			runOnlyForDeploymentPostprocessing = 0;
		};
		71F8BD2F29EB624100CCDF63 /* Frameworks */ = {
			isa = PBXFrameworksBuildPhase;
			buildActionMask = 2147483647;
			files = (
			);
			runOnlyForDeploymentPostprocessing = 0;
		};
/* End PBXFrameworksBuildPhase section */

/* Begin PBXGroup section */
		7189435B29EB67D7003AC589 /* Core */ = {
			isa = PBXGroup;
			children = (
				71F8BD1229EB624000CCDF63 /* AppDelegate.swift */,
				71F8BD1429EB624000CCDF63 /* SceneDelegate.swift */,
			);
			path = Core;
			sourceTree = "<group>";
		};
		7189435C29EB67E1003AC589 /* NetworkClient */ = {
			isa = PBXGroup;
			children = (
				7189436429EB68EB003AC589 /* Base */,
				7189436529EB68F0003AC589 /* Endpoints */,
				7189436629EB68FD003AC589 /* Service */,
			);
			path = NetworkClient;
			sourceTree = "<group>";
		};
		7189435F29EB6831003AC589 /* Models */ = {
			isa = PBXGroup;
			children = (
				7189437329EB69A9003AC589 /* AdvertModel.swift */,
				71848C3629ECA0B500B8CC34 /* AdvertDetailModel.swift */,
			);
			path = Models;
			sourceTree = "<group>";
		};
		7189436029EB6838003AC589 /* Scenes */ = {
			isa = PBXGroup;
			children = (
				7189436329EB6876003AC589 /* ViewControllers+ViewModels */,
			);
			path = Scenes;
			sourceTree = "<group>";
		};
		7189436129EB6847003AC589 /* CoreData */ = {
			isa = PBXGroup;
			children = (
				71F8BD1B29EB624000CCDF63 /* ArabamCom.xcdatamodeld */,
			);
			path = CoreData;
			sourceTree = "<group>";
		};
		7189436229EB6855003AC589 /* Helpers */ = {
			isa = PBXGroup;
			children = (
				71F8BD1E29EB624100CCDF63 /* Assets.xcassets */,
				71F8BD2329EB624100CCDF63 /* Info.plist */,
			);
			path = Helpers;
			sourceTree = "<group>";
		};
		7189436329EB6876003AC589 /* ViewControllers+ViewModels */ = {
			isa = PBXGroup;
			children = (
				719024C229F02497002A787A /* AdvertViewController+ViewModel */,
				719024C329F0249E002A787A /* AdvertDetailViewController+ViewModel */,
			);
			path = "ViewControllers+ViewModels";
			sourceTree = "<group>";
		};
		7189436429EB68EB003AC589 /* Base */ = {
			isa = PBXGroup;
			children = (
				7189436729EB691A003AC589 /* Endpoint.swift */,
				7189436929EB6922003AC589 /* HTTPClient.swift */,
				7189436B29EB6932003AC589 /* HTTPMethod.swift */,
				7189436D29EB6941003AC589 /* RequestError.swift */,
			);
			path = Base;
			sourceTree = "<group>";
		};
		7189436529EB68F0003AC589 /* Endpoints */ = {
			isa = PBXGroup;
			children = (
				7189436F29EB6953003AC589 /* AdvertEndpoint.swift */,
			);
			path = Endpoints;
			sourceTree = "<group>";
		};
		7189436629EB68FD003AC589 /* Service */ = {
			isa = PBXGroup;
			children = (
				7189437129EB695D003AC589 /* AdvertService.swift */,
			);
			path = Service;
			sourceTree = "<group>";
		};
		719024B229F02297002A787A /* Cells */ = {
			isa = PBXGroup;
			children = (
				719024B329F02297002A787A /* AdvertCell */,
			);
			path = Cells;
			sourceTree = "<group>";
		};
		719024B329F02297002A787A /* AdvertCell */ = {
			isa = PBXGroup;
			children = (
				719024B429F02297002A787A /* AdvertCell.swift */,
				719024B529F02297002A787A /* AdvertCell.xib */,
			);
			path = AdvertCell;
			sourceTree = "<group>";
		};
		719024C229F02497002A787A /* AdvertViewController+ViewModel */ = {
			isa = PBXGroup;
			children = (
				719024B729F02297002A787A /* AdvertViewController.swift */,
				719024B629F02297002A787A /* AdvertViewModel.swift */,
				719024B229F02297002A787A /* Cells */,
			);
			path = "AdvertViewController+ViewModel";
			sourceTree = "<group>";
		};
		719024C329F0249E002A787A /* AdvertDetailViewController+ViewModel */ = {
			isa = PBXGroup;
			children = (
				719024CC29F02545002A787A /* Cell */,
				719024C429F024CA002A787A /* AdvertDetailViewController.swift */,
				719024C629F024EB002A787A /* AdvertDetailViewModel.swift */,
				71501D4029F1DC0C00B8CD25 /* HTMLExtension.swift */,
			);
			path = "AdvertDetailViewController+ViewModel";
			sourceTree = "<group>";
		};
		719024CC29F02545002A787A /* Cell */ = {
			isa = PBXGroup;
			children = (
				71F0CAB329F096AE00861828 /* HeaderCollectionViewCell */,
				71F0CAA829F0957400861828 /* BodyCell */,
				71F0CAA729F0956900861828 /* HeaderCell */,
				71501D4229F1DCA600B8CD25 /* TableViewCell.swift */,
				71501D4329F1DCA600B8CD25 /* TableViewCell.xib */,
			);
			path = Cell;
			sourceTree = "<group>";
		};
		719F23D429F203D4000ECB67 /* StoryBoards */ = {
			isa = PBXGroup;
			children = (
				71F8BD1829EB624000CCDF63 /* Main.storyboard */,
				71F8BD2029EB624100CCDF63 /* LaunchScreen.storyboard */,
				71F0CAA529F093BB00861828 /* DetailViewController.storyboard */,
			);
			path = StoryBoards;
			sourceTree = "<group>";
		};
		71F0CAA729F0956900861828 /* HeaderCell */ = {
			isa = PBXGroup;
			children = (
				71F0CAAD29F0959900861828 /* HeaderTableViewCell.swift */,
				71F0CAB129F095F400861828 /* HeaderTableViewCell.xib */,
			);
			path = HeaderCell;
			sourceTree = "<group>";
		};
		71F0CAA829F0957400861828 /* BodyCell */ = {
			isa = PBXGroup;
			children = (
				71F0CAA929F0958900861828 /* BodyTableViewCell.swift */,
				71F0CAB829F0976B00861828 /* BodyTableViewCell.xib */,
			);
			path = BodyCell;
			sourceTree = "<group>";
		};
		71F0CAB329F096AE00861828 /* HeaderCollectionViewCell */ = {
			isa = PBXGroup;
			children = (
				71F0CAB429F096C500861828 /* HeaderCollectionViewCell.swift */,
				71F0CAB529F096C500861828 /* HeaderCollectionViewCell.xib */,
			);
			path = HeaderCollectionViewCell;
			sourceTree = "<group>";
		};
		71F8BD0629EB624000CCDF63 = {
			isa = PBXGroup;
			children = (
				71F8BD1129EB624000CCDF63 /* ArabamCom */,
				71F8BD2B29EB624100CCDF63 /* ArabamComTests */,
				71F8BD3529EB624100CCDF63 /* ArabamComUITests */,
				71F8BD1029EB624000CCDF63 /* Products */,
			);
			sourceTree = "<group>";
		};
		71F8BD1029EB624000CCDF63 /* Products */ = {
			isa = PBXGroup;
			children = (
				71F8BD0F29EB624000CCDF63 /* ArabamCom.app */,
				71F8BD2829EB624100CCDF63 /* ArabamComTests.xctest */,
				71F8BD3229EB624100CCDF63 /* ArabamComUITests.xctest */,
			);
			name = Products;
			sourceTree = "<group>";
		};
		71F8BD1129EB624000CCDF63 /* ArabamCom */ = {
			isa = PBXGroup;
			children = (
				7189436229EB6855003AC589 /* Helpers */,
				7189435B29EB67D7003AC589 /* Core */,
				7189435C29EB67E1003AC589 /* NetworkClient */,
				7189435F29EB6831003AC589 /* Models */,
				7189436029EB6838003AC589 /* Scenes */,
				719F23D429F203D4000ECB67 /* StoryBoards */,
				7189436129EB6847003AC589 /* CoreData */,
			);
			path = ArabamCom;
			sourceTree = "<group>";
		};
		71F8BD2B29EB624100CCDF63 /* ArabamComTests */ = {
			isa = PBXGroup;
			children = (
				71F8BD2C29EB624100CCDF63 /* ArabamComTests.swift */,
				71501D4629F1F77000B8CD25 /* MainViewModel_test.swift */,
			);
			path = ArabamComTests;
			sourceTree = "<group>";
		};
		71F8BD3529EB624100CCDF63 /* ArabamComUITests */ = {
			isa = PBXGroup;
			children = (
				71F8BD3629EB624100CCDF63 /* ArabamComUITests.swift */,
				71F8BD3829EB624100CCDF63 /* ArabamComUITestsLaunchTests.swift */,
			);
			path = ArabamComUITests;
			sourceTree = "<group>";
		};
/* End PBXGroup section */

/* Begin PBXNativeTarget section */
		71F8BD0E29EB624000CCDF63 /* ArabamCom */ = {
			isa = PBXNativeTarget;
			buildConfigurationList = 71F8BD3C29EB624100CCDF63 /* Build configuration list for PBXNativeTarget "ArabamCom" */;
			buildPhases = (
				71F8BD0B29EB624000CCDF63 /* Sources */,
				71F8BD0C29EB624000CCDF63 /* Frameworks */,
				71F8BD0D29EB624000CCDF63 /* Resources */,
			);
			buildRules = (
			);
			dependencies = (
			);
			name = ArabamCom;
			packageProductDependencies = (
				712A77DF29EDEE6F0060A7A8 /* Kingfisher */,
			);
			productName = ArabamCom;
			productReference = 71F8BD0F29EB624000CCDF63 /* ArabamCom.app */;
			productType = "com.apple.product-type.application";
		};
		71F8BD2729EB624100CCDF63 /* ArabamComTests */ = {
			isa = PBXNativeTarget;
			buildConfigurationList = 71F8BD3F29EB624100CCDF63 /* Build configuration list for PBXNativeTarget "ArabamComTests" */;
			buildPhases = (
				71F8BD2429EB624100CCDF63 /* Sources */,
				71F8BD2529EB624100CCDF63 /* Frameworks */,
				71F8BD2629EB624100CCDF63 /* Resources */,
			);
			buildRules = (
			);
			dependencies = (
				71F8BD2A29EB624100CCDF63 /* PBXTargetDependency */,
			);
			name = ArabamComTests;
			productName = ArabamComTests;
			productReference = 71F8BD2829EB624100CCDF63 /* ArabamComTests.xctest */;
			productType = "com.apple.product-type.bundle.unit-test";
		};
		71F8BD3129EB624100CCDF63 /* ArabamComUITests */ = {
			isa = PBXNativeTarget;
			buildConfigurationList = 71F8BD4229EB624100CCDF63 /* Build configuration list for PBXNativeTarget "ArabamComUITests" */;
			buildPhases = (
				71F8BD2E29EB624100CCDF63 /* Sources */,
				71F8BD2F29EB624100CCDF63 /* Frameworks */,
				71F8BD3029EB624100CCDF63 /* Resources */,
			);
			buildRules = (
			);
			dependencies = (
				71F8BD3429EB624100CCDF63 /* PBXTargetDependency */,
			);
			name = ArabamComUITests;
			productName = ArabamComUITests;
			productReference = 71F8BD3229EB624100CCDF63 /* ArabamComUITests.xctest */;
			productType = "com.apple.product-type.bundle.ui-testing";
		};
/* End PBXNativeTarget section */

/* Begin PBXProject section */
		71F8BD0729EB624000CCDF63 /* Project object */ = {
			isa = PBXProject;
			attributes = {
				BuildIndependentTargetsInParallel = 1;
				LastSwiftUpdateCheck = 1420;
				LastUpgradeCheck = 1420;
				TargetAttributes = {
					71F8BD0E29EB624000CCDF63 = {
						CreatedOnToolsVersion = 14.2;
					};
					71F8BD2729EB624100CCDF63 = {
						CreatedOnToolsVersion = 14.2;
						TestTargetID = 71F8BD0E29EB624000CCDF63;
					};
					71F8BD3129EB624100CCDF63 = {
						CreatedOnToolsVersion = 14.2;
						TestTargetID = 71F8BD0E29EB624000CCDF63;
					};
				};
			};
			buildConfigurationList = 71F8BD0A29EB624000CCDF63 /* Build configuration list for PBXProject "ArabamCom" */;
			compatibilityVersion = "Xcode 14.0";
			developmentRegion = en;
			hasScannedForEncodings = 0;
			knownRegions = (
				en,
				Base,
			);
			mainGroup = 71F8BD0629EB624000CCDF63;
			packageReferences = (
				712A77DE29EDEE6F0060A7A8 /* XCRemoteSwiftPackageReference "Kingfisher" */,
			);
			productRefGroup = 71F8BD1029EB624000CCDF63 /* Products */;
			projectDirPath = "";
			projectRoot = "";
			targets = (
				71F8BD0E29EB624000CCDF63 /* ArabamCom */,
				71F8BD2729EB624100CCDF63 /* ArabamComTests */,
				71F8BD3129EB624100CCDF63 /* ArabamComUITests */,
			);
		};
/* End PBXProject section */

/* Begin PBXResourcesBuildPhase section */
		71F8BD0D29EB624000CCDF63 /* Resources */ = {
			isa = PBXResourcesBuildPhase;
			buildActionMask = 2147483647;
			files = (
				71F0CAB929F0976B00861828 /* BodyTableViewCell.xib in Resources */,
				71F8BD2229EB624100CCDF63 /* LaunchScreen.storyboard in Resources */,
				719024B929F02297002A787A /* AdvertCell.xib in Resources */,
				71F0CAA629F093BB00861828 /* DetailViewController.storyboard in Resources */,
				71501D4529F1DCA600B8CD25 /* TableViewCell.xib in Resources */,
				71F0CAB229F095F400861828 /* HeaderTableViewCell.xib in Resources */,
				71F8BD1F29EB624100CCDF63 /* Assets.xcassets in Resources */,
				71F0CAB729F096C500861828 /* HeaderCollectionViewCell.xib in Resources */,
				71F8BD1A29EB624000CCDF63 /* Main.storyboard in Resources */,
			);
			runOnlyForDeploymentPostprocessing = 0;
		};
		71F8BD2629EB624100CCDF63 /* Resources */ = {
			isa = PBXResourcesBuildPhase;
			buildActionMask = 2147483647;
			files = (
			);
			runOnlyForDeploymentPostprocessing = 0;
		};
		71F8BD3029EB624100CCDF63 /* Resources */ = {
			isa = PBXResourcesBuildPhase;
			buildActionMask = 2147483647;
			files = (
			);
			runOnlyForDeploymentPostprocessing = 0;
		};
/* End PBXResourcesBuildPhase section */

/* Begin PBXSourcesBuildPhase section */
		71F8BD0B29EB624000CCDF63 /* Sources */ = {
			isa = PBXSourcesBuildPhase;
			buildActionMask = 2147483647;
			files = (
				7189437229EB695D003AC589 /* AdvertService.swift in Sources */,
				719024BB29F02297002A787A /* AdvertViewController.swift in Sources */,
				71F0CAAF29F0959900861828 /* HeaderTableViewCell.swift in Sources */,
				71501D4129F1DC0C00B8CD25 /* HTMLExtension.swift in Sources */,
				7189436E29EB6941003AC589 /* RequestError.swift in Sources */,
				7189437429EB69A9003AC589 /* AdvertModel.swift in Sources */,
				7189437029EB6953003AC589 /* AdvertEndpoint.swift in Sources */,
				71F8BD1D29EB624000CCDF63 /* ArabamCom.xcdatamodeld in Sources */,
				71848C3729ECA0B500B8CC34 /* AdvertDetailModel.swift in Sources */,
				719024B829F02297002A787A /* AdvertCell.swift in Sources */,
				7189436C29EB6932003AC589 /* HTTPMethod.swift in Sources */,
				719024C529F024CA002A787A /* AdvertDetailViewController.swift in Sources */,
				7189436A29EB6922003AC589 /* HTTPClient.swift in Sources */,
				71F8BD1329EB624000CCDF63 /* AppDelegate.swift in Sources */,
				71F8BD1529EB624000CCDF63 /* SceneDelegate.swift in Sources */,
				719024BA29F02297002A787A /* AdvertViewModel.swift in Sources */,
				71501D4429F1DCA600B8CD25 /* TableViewCell.swift in Sources */,
				7189436829EB691A003AC589 /* Endpoint.swift in Sources */,
				71F0CAB629F096C500861828 /* HeaderCollectionViewCell.swift in Sources */,
				719024C729F024EB002A787A /* AdvertDetailViewModel.swift in Sources */,
				71F0CAAB29F0958900861828 /* BodyTableViewCell.swift in Sources */,
			);
			runOnlyForDeploymentPostprocessing = 0;
		};
		71F8BD2429EB624100CCDF63 /* Sources */ = {
			isa = PBXSourcesBuildPhase;
			buildActionMask = 2147483647;
			files = (
				71F8BD2D29EB624100CCDF63 /* ArabamComTests.swift in Sources */,
				71501D4729F1F77000B8CD25 /* MainViewModel_test.swift in Sources */,
			);
			runOnlyForDeploymentPostprocessing = 0;
		};
		71F8BD2E29EB624100CCDF63 /* Sources */ = {
			isa = PBXSourcesBuildPhase;
			buildActionMask = 2147483647;
			files = (
				71F8BD3929EB624100CCDF63 /* ArabamComUITestsLaunchTests.swift in Sources */,
				71F8BD3729EB624100CCDF63 /* ArabamComUITests.swift in Sources */,
			);
			runOnlyForDeploymentPostprocessing = 0;
		};
/* End PBXSourcesBuildPhase section */

/* Begin PBXTargetDependency section */
		71F8BD2A29EB624100CCDF63 /* PBXTargetDependency */ = {
			isa = PBXTargetDependency;
			target = 71F8BD0E29EB624000CCDF63 /* ArabamCom */;
			targetProxy = 71F8BD2929EB624100CCDF63 /* PBXContainerItemProxy */;
		};
		71F8BD3429EB624100CCDF63 /* PBXTargetDependency */ = {
			isa = PBXTargetDependency;
			target = 71F8BD0E29EB624000CCDF63 /* ArabamCom */;
			targetProxy = 71F8BD3329EB624100CCDF63 /* PBXContainerItemProxy */;
		};
/* End PBXTargetDependency section */

/* Begin PBXVariantGroup section */
		71F8BD1829EB624000CCDF63 /* Main.storyboard */ = {
			isa = PBXVariantGroup;
			children = (
				71F8BD1929EB624000CCDF63 /* Base */,
			);
			name = Main.storyboard;
			sourceTree = "<group>";
		};
		71F8BD2029EB624100CCDF63 /* LaunchScreen.storyboard */ = {
			isa = PBXVariantGroup;
			children = (
				71F8BD2129EB624100CCDF63 /* Base */,
			);
			name = LaunchScreen.storyboard;
			sourceTree = "<group>";
		};
/* End PBXVariantGroup section */

/* Begin XCBuildConfiguration section */
		71F8BD3A29EB624100CCDF63 /* Debug */ = {
			isa = XCBuildConfiguration;
			buildSettings = {
				ALWAYS_SEARCH_USER_PATHS = NO;
				CLANG_ANALYZER_NONNULL = YES;
				CLANG_ANALYZER_NUMBER_OBJECT_CONVERSION = YES_AGGRESSIVE;
				CLANG_CXX_LANGUAGE_STANDARD = "gnu++20";
				CLANG_ENABLE_MODULES = YES;
				CLANG_ENABLE_OBJC_ARC = YES;
				CLANG_ENABLE_OBJC_WEAK = YES;
				CLANG_WARN_BLOCK_CAPTURE_AUTORELEASING = YES;
				CLANG_WARN_BOOL_CONVERSION = YES;
				CLANG_WARN_COMMA = YES;
				CLANG_WARN_CONSTANT_CONVERSION = YES;
				CLANG_WARN_DEPRECATED_OBJC_IMPLEMENTATIONS = YES;
				CLANG_WARN_DIRECT_OBJC_ISA_USAGE = YES_ERROR;
				CLANG_WARN_DOCUMENTATION_COMMENTS = YES;
				CLANG_WARN_EMPTY_BODY = YES;
				CLANG_WARN_ENUM_CONVERSION = YES;
				CLANG_WARN_INFINITE_RECURSION = YES;
				CLANG_WARN_INT_CONVERSION = YES;
				CLANG_WARN_NON_LITERAL_NULL_CONVERSION = YES;
				CLANG_WARN_OBJC_IMPLICIT_RETAIN_SELF = YES;
				CLANG_WARN_OBJC_LITERAL_CONVERSION = YES;
				CLANG_WARN_OBJC_ROOT_CLASS = YES_ERROR;
				CLANG_WARN_QUOTED_INCLUDE_IN_FRAMEWORK_HEADER = YES;
				CLANG_WARN_RANGE_LOOP_ANALYSIS = YES;
				CLANG_WARN_STRICT_PROTOTYPES = YES;
				CLANG_WARN_SUSPICIOUS_MOVE = YES;
				CLANG_WARN_UNGUARDED_AVAILABILITY = YES_AGGRESSIVE;
				CLANG_WARN_UNREACHABLE_CODE = YES;
				CLANG_WARN__DUPLICATE_METHOD_MATCH = YES;
				COPY_PHASE_STRIP = NO;
				DEBUG_INFORMATION_FORMAT = dwarf;
				ENABLE_STRICT_OBJC_MSGSEND = YES;
				ENABLE_TESTABILITY = YES;
				GCC_C_LANGUAGE_STANDARD = gnu11;
				GCC_DYNAMIC_NO_PIC = NO;
				GCC_NO_COMMON_BLOCKS = YES;
				GCC_OPTIMIZATION_LEVEL = 0;
				GCC_PREPROCESSOR_DEFINITIONS = (
					"DEBUG=1",
					"$(inherited)",
				);
				GCC_WARN_64_TO_32_BIT_CONVERSION = YES;
				GCC_WARN_ABOUT_RETURN_TYPE = YES_ERROR;
				GCC_WARN_UNDECLARED_SELECTOR = YES;
				GCC_WARN_UNINITIALIZED_AUTOS = YES_AGGRESSIVE;
				GCC_WARN_UNUSED_FUNCTION = YES;
				GCC_WARN_UNUSED_VARIABLE = YES;
				IPHONEOS_DEPLOYMENT_TARGET = 16.2;
				MTL_ENABLE_DEBUG_INFO = INCLUDE_SOURCE;
				MTL_FAST_MATH = YES;
				ONLY_ACTIVE_ARCH = YES;
				SDKROOT = iphoneos;
				SWIFT_ACTIVE_COMPILATION_CONDITIONS = DEBUG;
				SWIFT_OPTIMIZATION_LEVEL = "-Onone";
			};
			name = Debug;
		};
		71F8BD3B29EB624100CCDF63 /* Release */ = {
			isa = XCBuildConfiguration;
			buildSettings = {
				ALWAYS_SEARCH_USER_PATHS = NO;
				CLANG_ANALYZER_NONNULL = YES;
				CLANG_ANALYZER_NUMBER_OBJECT_CONVERSION = YES_AGGRESSIVE;
				CLANG_CXX_LANGUAGE_STANDARD = "gnu++20";
				CLANG_ENABLE_MODULES = YES;
				CLANG_ENABLE_OBJC_ARC = YES;
				CLANG_ENABLE_OBJC_WEAK = YES;
				CLANG_WARN_BLOCK_CAPTURE_AUTORELEASING = YES;
				CLANG_WARN_BOOL_CONVERSION = YES;
				CLANG_WARN_COMMA = YES;
				CLANG_WARN_CONSTANT_CONVERSION = YES;
				CLANG_WARN_DEPRECATED_OBJC_IMPLEMENTATIONS = YES;
				CLANG_WARN_DIRECT_OBJC_ISA_USAGE = YES_ERROR;
				CLANG_WARN_DOCUMENTATION_COMMENTS = YES;
				CLANG_WARN_EMPTY_BODY = YES;
				CLANG_WARN_ENUM_CONVERSION = YES;
				CLANG_WARN_INFINITE_RECURSION = YES;
				CLANG_WARN_INT_CONVERSION = YES;
				CLANG_WARN_NON_LITERAL_NULL_CONVERSION = YES;
				CLANG_WARN_OBJC_IMPLICIT_RETAIN_SELF = YES;
				CLANG_WARN_OBJC_LITERAL_CONVERSION = YES;
				CLANG_WARN_OBJC_ROOT_CLASS = YES_ERROR;
				CLANG_WARN_QUOTED_INCLUDE_IN_FRAMEWORK_HEADER = YES;
				CLANG_WARN_RANGE_LOOP_ANALYSIS = YES;
				CLANG_WARN_STRICT_PROTOTYPES = YES;
				CLANG_WARN_SUSPICIOUS_MOVE = YES;
				CLANG_WARN_UNGUARDED_AVAILABILITY = YES_AGGRESSIVE;
				CLANG_WARN_UNREACHABLE_CODE = YES;
				CLANG_WARN__DUPLICATE_METHOD_MATCH = YES;
				COPY_PHASE_STRIP = NO;
				DEBUG_INFORMATION_FORMAT = "dwarf-with-dsym";
				ENABLE_NS_ASSERTIONS = NO;
				ENABLE_STRICT_OBJC_MSGSEND = YES;
				GCC_C_LANGUAGE_STANDARD = gnu11;
				GCC_NO_COMMON_BLOCKS = YES;
				GCC_WARN_64_TO_32_BIT_CONVERSION = YES;
				GCC_WARN_ABOUT_RETURN_TYPE = YES_ERROR;
				GCC_WARN_UNDECLARED_SELECTOR = YES;
				GCC_WARN_UNINITIALIZED_AUTOS = YES_AGGRESSIVE;
				GCC_WARN_UNUSED_FUNCTION = YES;
				GCC_WARN_UNUSED_VARIABLE = YES;
				IPHONEOS_DEPLOYMENT_TARGET = 16.2;
				MTL_ENABLE_DEBUG_INFO = NO;
				MTL_FAST_MATH = YES;
				SDKROOT = iphoneos;
				SWIFT_COMPILATION_MODE = wholemodule;
				SWIFT_OPTIMIZATION_LEVEL = "-O";
				VALIDATE_PRODUCT = YES;
			};
			name = Release;
		};
		71F8BD3D29EB624100CCDF63 /* Debug */ = {
			isa = XCBuildConfiguration;
			buildSettings = {
				ASSETCATALOG_COMPILER_APPICON_NAME = AppIcon;
				ASSETCATALOG_COMPILER_GLOBAL_ACCENT_COLOR_NAME = AccentColor;
				CODE_SIGN_STYLE = Automatic;
				CURRENT_PROJECT_VERSION = 1;
				DEVELOPMENT_TEAM = W69WTC53M7;
				GENERATE_INFOPLIST_FILE = YES;
				INFOPLIST_FILE = ArabamCom/Helpers/Info.plist;
				INFOPLIST_KEY_UIApplicationSupportsIndirectInputEvents = YES;
				INFOPLIST_KEY_UILaunchStoryboardName = LaunchScreen;
				INFOPLIST_KEY_UIMainStoryboardFile = Main;
				INFOPLIST_KEY_UISupportedInterfaceOrientations_iPad = "UIInterfaceOrientationPortrait UIInterfaceOrientationPortraitUpsideDown UIInterfaceOrientationLandscapeLeft UIInterfaceOrientationLandscapeRight";
				INFOPLIST_KEY_UISupportedInterfaceOrientations_iPhone = "UIInterfaceOrientationPortrait UIInterfaceOrientationLandscapeLeft UIInterfaceOrientationLandscapeRight";
				IPHONEOS_DEPLOYMENT_TARGET = 16.2;
				LD_RUNPATH_SEARCH_PATHS = (
					"$(inherited)",
					"@executable_path/Frameworks",
				);
				MARKETING_VERSION = 1.0;
				PRODUCT_BUNDLE_IDENTIFIER = talhavarol.com.ArabamCom;
				PRODUCT_NAME = "$(TARGET_NAME)";
				SWIFT_EMIT_LOC_STRINGS = YES;
				SWIFT_VERSION = 5.0;
				TARGETED_DEVICE_FAMILY = 1;
			};
			name = Debug;
		};
		71F8BD3E29EB624100CCDF63 /* Release */ = {
			isa = XCBuildConfiguration;
			buildSettings = {
				ASSETCATALOG_COMPILER_APPICON_NAME = AppIcon;
				ASSETCATALOG_COMPILER_GLOBAL_ACCENT_COLOR_NAME = AccentColor;
				CODE_SIGN_STYLE = Automatic;
				CURRENT_PROJECT_VERSION = 1;
				DEVELOPMENT_TEAM = W69WTC53M7;
				GENERATE_INFOPLIST_FILE = YES;
				INFOPLIST_FILE = ArabamCom/Helpers/Info.plist;
				INFOPLIST_KEY_UIApplicationSupportsIndirectInputEvents = YES;
				INFOPLIST_KEY_UILaunchStoryboardName = LaunchScreen;
				INFOPLIST_KEY_UIMainStoryboardFile = Main;
				INFOPLIST_KEY_UISupportedInterfaceOrientations_iPad = "UIInterfaceOrientationPortrait UIInterfaceOrientationPortraitUpsideDown UIInterfaceOrientationLandscapeLeft UIInterfaceOrientationLandscapeRight";
				INFOPLIST_KEY_UISupportedInterfaceOrientations_iPhone = "UIInterfaceOrientationPortrait UIInterfaceOrientationLandscapeLeft UIInterfaceOrientationLandscapeRight";
				IPHONEOS_DEPLOYMENT_TARGET = 16.2;
				LD_RUNPATH_SEARCH_PATHS = (
					"$(inherited)",
					"@executable_path/Frameworks",
				);
				MARKETING_VERSION = 1.0;
				PRODUCT_BUNDLE_IDENTIFIER = talhavarol.com.ArabamCom;
				PRODUCT_NAME = "$(TARGET_NAME)";
				SWIFT_EMIT_LOC_STRINGS = YES;
				SWIFT_VERSION = 5.0;
				TARGETED_DEVICE_FAMILY = 1;
			};
			name = Release;
		};
		71F8BD4029EB624100CCDF63 /* Debug */ = {
			isa = XCBuildConfiguration;
			buildSettings = {
				ALWAYS_EMBED_SWIFT_STANDARD_LIBRARIES = YES;
				BUNDLE_LOADER = "$(TEST_HOST)";
				CODE_SIGN_STYLE = Automatic;
				CURRENT_PROJECT_VERSION = 1;
				DEVELOPMENT_TEAM = W69WTC53M7;
				GENERATE_INFOPLIST_FILE = YES;
				IPHONEOS_DEPLOYMENT_TARGET = 16.2;
				MARKETING_VERSION = 1.0;
				PRODUCT_BUNDLE_IDENTIFIER = talhavarol.com.ArabamComTests;
				PRODUCT_NAME = "$(TARGET_NAME)";
				SWIFT_EMIT_LOC_STRINGS = NO;
				SWIFT_VERSION = 5.0;
				TARGETED_DEVICE_FAMILY = "1,2";
				TEST_HOST = "$(BUILT_PRODUCTS_DIR)/ArabamCom.app/$(BUNDLE_EXECUTABLE_FOLDER_PATH)/ArabamCom";
			};
			name = Debug;
		};
		71F8BD4129EB624100CCDF63 /* Release */ = {
			isa = XCBuildConfiguration;
			buildSettings = {
				ALWAYS_EMBED_SWIFT_STANDARD_LIBRARIES = YES;
				BUNDLE_LOADER = "$(TEST_HOST)";
				CODE_SIGN_STYLE = Automatic;
				CURRENT_PROJECT_VERSION = 1;
				DEVELOPMENT_TEAM = W69WTC53M7;
				GENERATE_INFOPLIST_FILE = YES;
				IPHONEOS_DEPLOYMENT_TARGET = 16.2;
				MARKETING_VERSION = 1.0;
				PRODUCT_BUNDLE_IDENTIFIER = talhavarol.com.ArabamComTests;
				PRODUCT_NAME = "$(TARGET_NAME)";
				SWIFT_EMIT_LOC_STRINGS = NO;
				SWIFT_VERSION = 5.0;
				TARGETED_DEVICE_FAMILY = "1,2";
				TEST_HOST = "$(BUILT_PRODUCTS_DIR)/ArabamCom.app/$(BUNDLE_EXECUTABLE_FOLDER_PATH)/ArabamCom";
			};
			name = Release;
		};
		71F8BD4329EB624100CCDF63 /* Debug */ = {
			isa = XCBuildConfiguration;
			buildSettings = {
				ALWAYS_EMBED_SWIFT_STANDARD_LIBRARIES = YES;
				CODE_SIGN_STYLE = Automatic;
				CURRENT_PROJECT_VERSION = 1;
				DEVELOPMENT_TEAM = W69WTC53M7;
				GENERATE_INFOPLIST_FILE = YES;
				MARKETING_VERSION = 1.0;
				PRODUCT_BUNDLE_IDENTIFIER = talhavarol.com.ArabamComUITests;
				PRODUCT_NAME = "$(TARGET_NAME)";
				SWIFT_EMIT_LOC_STRINGS = NO;
				SWIFT_VERSION = 5.0;
				TARGETED_DEVICE_FAMILY = "1,2";
				TEST_TARGET_NAME = ArabamCom;
			};
			name = Debug;
		};
		71F8BD4429EB624100CCDF63 /* Release */ = {
			isa = XCBuildConfiguration;
			buildSettings = {
				ALWAYS_EMBED_SWIFT_STANDARD_LIBRARIES = YES;
				CODE_SIGN_STYLE = Automatic;
				CURRENT_PROJECT_VERSION = 1;
				DEVELOPMENT_TEAM = W69WTC53M7;
				GENERATE_INFOPLIST_FILE = YES;
				MARKETING_VERSION = 1.0;
				PRODUCT_BUNDLE_IDENTIFIER = talhavarol.com.ArabamComUITests;
				PRODUCT_NAME = "$(TARGET_NAME)";
				SWIFT_EMIT_LOC_STRINGS = NO;
				SWIFT_VERSION = 5.0;
				TARGETED_DEVICE_FAMILY = "1,2";
				TEST_TARGET_NAME = ArabamCom;
			};
			name = Release;
		};
/* End XCBuildConfiguration section */

/* Begin XCConfigurationList section */
		71F8BD0A29EB624000CCDF63 /* Build configuration list for PBXProject "ArabamCom" */ = {
			isa = XCConfigurationList;
			buildConfigurations = (
				71F8BD3A29EB624100CCDF63 /* Debug */,
				71F8BD3B29EB624100CCDF63 /* Release */,
			);
			defaultConfigurationIsVisible = 0;
			defaultConfigurationName = Release;
		};
		71F8BD3C29EB624100CCDF63 /* Build configuration list for PBXNativeTarget "ArabamCom" */ = {
			isa = XCConfigurationList;
			buildConfigurations = (
				71F8BD3D29EB624100CCDF63 /* Debug */,
				71F8BD3E29EB624100CCDF63 /* Release */,
			);
			defaultConfigurationIsVisible = 0;
			defaultConfigurationName = Release;
		};
		71F8BD3F29EB624100CCDF63 /* Build configuration list for PBXNativeTarget "ArabamComTests" */ = {
			isa = XCConfigurationList;
			buildConfigurations = (
				71F8BD4029EB624100CCDF63 /* Debug */,
				71F8BD4129EB624100CCDF63 /* Release */,
			);
			defaultConfigurationIsVisible = 0;
			defaultConfigurationName = Release;
		};
		71F8BD4229EB624100CCDF63 /* Build configuration list for PBXNativeTarget "ArabamComUITests" */ = {
			isa = XCConfigurationList;
			buildConfigurations = (
				71F8BD4329EB624100CCDF63 /* Debug */,
				71F8BD4429EB624100CCDF63 /* Release */,
			);
			defaultConfigurationIsVisible = 0;
			defaultConfigurationName = Release;
		};
/* End XCConfigurationList section */

/* Begin XCRemoteSwiftPackageReference section */
		712A77DE29EDEE6F0060A7A8 /* XCRemoteSwiftPackageReference "Kingfisher" */ = {
			isa = XCRemoteSwiftPackageReference;
			repositoryURL = "https://github.com/onevcat/Kingfisher.git";
			requirement = {
				kind = upToNextMajorVersion;
				minimumVersion = 7.0.0;
			};
		};
/* End XCRemoteSwiftPackageReference section */

/* Begin XCSwiftPackageProductDependency section */
		712A77DF29EDEE6F0060A7A8 /* Kingfisher */ = {
			isa = XCSwiftPackageProductDependency;
			package = 712A77DE29EDEE6F0060A7A8 /* XCRemoteSwiftPackageReference "Kingfisher" */;
			productName = Kingfisher;
		};
/* End XCSwiftPackageProductDependency section */

/* Begin XCVersionGroup section */
		71F8BD1B29EB624000CCDF63 /* ArabamCom.xcdatamodeld */ = {
			isa = XCVersionGroup;
			children = (
				71F8BD1C29EB624000CCDF63 /* ArabamCom.xcdatamodel */,
			);
			currentVersion = 71F8BD1C29EB624000CCDF63 /* ArabamCom.xcdatamodel */;
			path = ArabamCom.xcdatamodeld;
			sourceTree = "<group>";
			versionGroupType = wrapper.xcdatamodel;
		};
/* End XCVersionGroup section */
	};
	rootObject = 71F8BD0729EB624000CCDF63 /* Project object */;
}
